
Microsoft Visual Studio Solution File, Format Version 12.00
# Visual Studio Version 17
VisualStudioVersion = 17.11.35327.3
MinimumVisualStudioVersion = 10.0.40219.1
Project("{FAE04EC0-301F-11D3-BF4B-00C04F79EFBC}") = "InterfaceTask", "InterfaceTask\InterfaceTask.csproj", "{ED0DFE8A-2157-4B8D-B862-F25F96906299}"
EndProject
Global
	GlobalSection(SolutionConfigurationPlatforms) = preSolution
		Debug|Any CPU = Debug|Any CPU
		Release|Any CPU = Release|Any CPU
	EndGlobalSection
	GlobalSection(ProjectConfigurationPlatforms) = postSolution
		{ED0DFE8A-2157-4B8D-B862-F25F96906299}.Debug|Any CPU.ActiveCfg = Debug|Any CPU
		{ED0DFE8A-2157-4B8D-B862-F25F96906299}.Debug|Any CPU.Build.0 = Debug|Any CPU
		{ED0DFE8A-2157-4B8D-B862-F25F96906299}.Release|Any CPU.ActiveCfg = Release|Any CPU
		{ED0DFE8A-2157-4B8D-B862-F25F96906299}.Release|Any CPU.Build.0 = Release|Any CPU
	EndGlobalSection
	GlobalSection(SolutionProperties) = preSolution
		HideSolutionNode = FALSE
	EndGlobalSection
	GlobalSection(ExtensibilityGlobals) = postSolution
		SolutionGuid = {E78FF1CF-4A8B-438B-8D8B-961807A62E2D}
	EndGlobalSection
EndGlobal
